// !$*UTF8*$!
{
	archiveVersion = 1;
	classes = {
	};
	objectVersion = 56;
	objects = {

/* Begin PBXBuildFile section */
		5130FA6E28FA840F00E5D18B /* CreateBidConfirmationController.swift in Sources */ = {isa = PBXBuildFile; fileRef = 5130FA6D28FA840F00E5D18B /* CreateBidConfirmationController.swift */; };
		513525ED28EC14D9007DFFC7 /* MapViewController.swift in Sources */ = {isa = PBXBuildFile; fileRef = 513525EC28EC14D9007DFFC7 /* MapViewController.swift */; };
		515A89DC28EE975400116B35 /* ViewController.swift in Sources */ = {isa = PBXBuildFile; fileRef = 515A89DB28EE975400116B35 /* ViewController.swift */; };
		516AB89928D1A35000263029 /* AppDelegate.swift in Sources */ = {isa = PBXBuildFile; fileRef = 516AB89828D1A35000263029 /* AppDelegate.swift */; };
		516AB89B28D1A35000263029 /* SceneDelegate.swift in Sources */ = {isa = PBXBuildFile; fileRef = 516AB89A28D1A35000263029 /* SceneDelegate.swift */; };
		516AB8A028D1A35000263029 /* Main.storyboard in Resources */ = {isa = PBXBuildFile; fileRef = 516AB89E28D1A35000263029 /* Main.storyboard */; };
		516AB8A228D1A35100263029 /* Assets.xcassets in Resources */ = {isa = PBXBuildFile; fileRef = 516AB8A128D1A35100263029 /* Assets.xcassets */; };
		516AB8A528D1A35100263029 /* LaunchScreen.storyboard in Resources */ = {isa = PBXBuildFile; fileRef = 516AB8A328D1A35100263029 /* LaunchScreen.storyboard */; };
		5F8FB9DF28EA2C2F008221CB /* ProfileViewController.swift in Sources */ = {isa = PBXBuildFile; fileRef = 5F8FB9DE28EA2C2E008221CB /* ProfileViewController.swift */; };
		5F8FB9E128EA2CF9008221CB /* CreateBidViewController.swift in Sources */ = {isa = PBXBuildFile; fileRef = 5F8FB9E028EA2CF9008221CB /* CreateBidViewController.swift */; };
		5F8FB9E328EA2D7C008221CB /* ListingsViewController.swift in Sources */ = {isa = PBXBuildFile; fileRef = 5F8FB9E228EA2D7C008221CB /* ListingsViewController.swift */; };
		5F8FB9E528EA2DDD008221CB /* HistoryViewController.swift in Sources */ = {isa = PBXBuildFile; fileRef = 5F8FB9E428EA2DDD008221CB /* HistoryViewController.swift */; };
		5FB31F3428F4C1FD000F92AA /* ListingTableViewCell.xib in Resources */ = {isa = PBXBuildFile; fileRef = 5FB31F3328F4C1FD000F92AA /* ListingTableViewCell.xib */; };
		5FD637CD28F1317700B12BA6 /* ListingTableViewCell.swift in Sources */ = {isa = PBXBuildFile; fileRef = 5FD637CB28F1317700B12BA6 /* ListingTableViewCell.swift */; };
		5FD637D228F25D5400B12BA6 /* ListingDetailsViewController.swift in Sources */ = {isa = PBXBuildFile; fileRef = 5FD637D128F25D5400B12BA6 /* ListingDetailsViewController.swift */; };
		5FD637DB28F384FF00B12BA6 /* ListingDetailsCell.swift in Sources */ = {isa = PBXBuildFile; fileRef = 5FD637D928F384FF00B12BA6 /* ListingDetailsCell.swift */; };
		5FD637DC28F384FF00B12BA6 /* ListingDetailsCell.xib in Resources */ = {isa = PBXBuildFile; fileRef = 5FD637DA28F384FF00B12BA6 /* ListingDetailsCell.xib */; };
/* End PBXBuildFile section */

/* Begin PBXFileReference section */
		5130FA6D28FA840F00E5D18B /* CreateBidConfirmationController.swift */ = {isa = PBXFileReference; lastKnownFileType = sourcecode.swift; path = CreateBidConfirmationController.swift; sourceTree = "<group>"; };
		513525EC28EC14D9007DFFC7 /* MapViewController.swift */ = {isa = PBXFileReference; lastKnownFileType = sourcecode.swift; path = MapViewController.swift; sourceTree = "<group>"; };
		515A89DB28EE975400116B35 /* ViewController.swift */ = {isa = PBXFileReference; lastKnownFileType = sourcecode.swift; path = ViewController.swift; sourceTree = "<group>"; };
		516AB89528D1A35000263029 /* BidMe.app */ = {isa = PBXFileReference; explicitFileType = wrapper.application; includeInIndex = 0; path = BidMe.app; sourceTree = BUILT_PRODUCTS_DIR; };
		516AB89828D1A35000263029 /* AppDelegate.swift */ = {isa = PBXFileReference; lastKnownFileType = sourcecode.swift; path = AppDelegate.swift; sourceTree = "<group>"; };
		516AB89A28D1A35000263029 /* SceneDelegate.swift */ = {isa = PBXFileReference; lastKnownFileType = sourcecode.swift; path = SceneDelegate.swift; sourceTree = "<group>"; };
		516AB89F28D1A35000263029 /* Base */ = {isa = PBXFileReference; lastKnownFileType = file.storyboard; name = Base; path = Base.lproj/Main.storyboard; sourceTree = "<group>"; };
		516AB8A128D1A35100263029 /* Assets.xcassets */ = {isa = PBXFileReference; lastKnownFileType = folder.assetcatalog; path = Assets.xcassets; sourceTree = "<group>"; };
		516AB8A428D1A35100263029 /* Base */ = {isa = PBXFileReference; lastKnownFileType = file.storyboard; name = Base; path = Base.lproj/LaunchScreen.storyboard; sourceTree = "<group>"; };
		516AB8A628D1A35100263029 /* Info.plist */ = {isa = PBXFileReference; lastKnownFileType = text.plist.xml; path = Info.plist; sourceTree = "<group>"; };
		5F8FB9DE28EA2C2E008221CB /* ProfileViewController.swift */ = {isa = PBXFileReference; fileEncoding = 4; lastKnownFileType = sourcecode.swift; path = ProfileViewController.swift; sourceTree = "<group>"; };
		5F8FB9E028EA2CF9008221CB /* CreateBidViewController.swift */ = {isa = PBXFileReference; lastKnownFileType = sourcecode.swift; path = CreateBidViewController.swift; sourceTree = "<group>"; };
		5F8FB9E228EA2D7C008221CB /* ListingsViewController.swift */ = {isa = PBXFileReference; lastKnownFileType = sourcecode.swift; path = ListingsViewController.swift; sourceTree = "<group>"; };
		5F8FB9E428EA2DDD008221CB /* HistoryViewController.swift */ = {isa = PBXFileReference; lastKnownFileType = sourcecode.swift; path = HistoryViewController.swift; sourceTree = "<group>"; };
		5FB31F3328F4C1FD000F92AA /* ListingTableViewCell.xib */ = {isa = PBXFileReference; fileEncoding = 4; lastKnownFileType = file.xib; path = ListingTableViewCell.xib; sourceTree = "<group>"; };
		5FD637CB28F1317700B12BA6 /* ListingTableViewCell.swift */ = {isa = PBXFileReference; fileEncoding = 4; lastKnownFileType = sourcecode.swift; path = ListingTableViewCell.swift; sourceTree = "<group>"; };
		5FD637D128F25D5400B12BA6 /* ListingDetailsViewController.swift */ = {isa = PBXFileReference; lastKnownFileType = sourcecode.swift; path = ListingDetailsViewController.swift; sourceTree = "<group>"; };
		5FD637D928F384FF00B12BA6 /* ListingDetailsCell.swift */ = {isa = PBXFileReference; lastKnownFileType = sourcecode.swift; path = ListingDetailsCell.swift; sourceTree = "<group>"; };
		5FD637DA28F384FF00B12BA6 /* ListingDetailsCell.xib */ = {isa = PBXFileReference; lastKnownFileType = file.xib; path = ListingDetailsCell.xib; sourceTree = "<group>"; };
/* End PBXFileReference section */

/* Begin PBXFrameworksBuildPhase section */
		516AB89228D1A35000263029 /* Frameworks */ = {
			isa = PBXFrameworksBuildPhase;
			buildActionMask = 2147483647;
			files = (
			);
			runOnlyForDeploymentPostprocessing = 0;
		};
/* End PBXFrameworksBuildPhase section */

/* Begin PBXGroup section */
		516AB88C28D1A35000263029 = {
			isa = PBXGroup;
			children = (
				516AB89728D1A35000263029 /* BidMe */,
				516AB89628D1A35000263029 /* Products */,
			);
			sourceTree = "<group>";
		};
		516AB89628D1A35000263029 /* Products */ = {
			isa = PBXGroup;
			children = (
				516AB89528D1A35000263029 /* BidMe.app */,
			);
			name = Products;
			sourceTree = "<group>";
		};
		516AB89728D1A35000263029 /* BidMe */ = {
			isa = PBXGroup;
			children = (
				516AB89828D1A35000263029 /* AppDelegate.swift */,
				516AB89A28D1A35000263029 /* SceneDelegate.swift */,
				5F8FB9DE28EA2C2E008221CB /* ProfileViewController.swift */,
				5F8FB9E028EA2CF9008221CB /* CreateBidViewController.swift */,
				5F8FB9E228EA2D7C008221CB /* ListingsViewController.swift */,
				5FD637D128F25D5400B12BA6 /* ListingDetailsViewController.swift */,
				5F8FB9E428EA2DDD008221CB /* HistoryViewController.swift */,
				516AB89E28D1A35000263029 /* Main.storyboard */,
				5130FA6D28FA840F00E5D18B /* CreateBidConfirmationController.swift */,
				5FD637D928F384FF00B12BA6 /* ListingDetailsCell.swift */,
				5FD637DA28F384FF00B12BA6 /* ListingDetailsCell.xib */,
				5FD637CB28F1317700B12BA6 /* ListingTableViewCell.swift */,
				513525EC28EC14D9007DFFC7 /* MapViewController.swift */,
				516AB8A128D1A35100263029 /* Assets.xcassets */,
				516AB8A328D1A35100263029 /* LaunchScreen.storyboard */,
				516AB8A628D1A35100263029 /* Info.plist */,
				515A89DB28EE975400116B35 /* ViewController.swift */,
				5FB31F3328F4C1FD000F92AA /* ListingTableViewCell.xib */,
			);
			path = BidMe;
			sourceTree = "<group>";
		};
/* End PBXGroup section */

/* Begin PBXNativeTarget section */
		516AB89428D1A35000263029 /* BidMe */ = {
			isa = PBXNativeTarget;
			buildConfigurationList = 516AB8A928D1A35100263029 /* Build configuration list for PBXNativeTarget "BidMe" */;
			buildPhases = (
				516AB89128D1A35000263029 /* Sources */,
				516AB89228D1A35000263029 /* Frameworks */,
				516AB89328D1A35000263029 /* Resources */,
			);
			buildRules = (
			);
			dependencies = (
			);
			name = BidMe;
			productName = BidMe;
			productReference = 516AB89528D1A35000263029 /* BidMe.app */;
			productType = "com.apple.product-type.application";
		};
/* End PBXNativeTarget section */

/* Begin PBXProject section */
		516AB88D28D1A35000263029 /* Project object */ = {
			isa = PBXProject;
			attributes = {
				BuildIndependentTargetsInParallel = 1;
				LastSwiftUpdateCheck = 1400;
				LastUpgradeCheck = 1400;
				ORGANIZATIONNAME = BidMeTeam;
				TargetAttributes = {
					516AB89428D1A35000263029 = {
						CreatedOnToolsVersion = 14.0;
					};
				};
			};
			buildConfigurationList = 516AB89028D1A35000263029 /* Build configuration list for PBXProject "BidMe" */;
			compatibilityVersion = "Xcode 14.0";
			developmentRegion = en;
			hasScannedForEncodings = 0;
			knownRegions = (
				en,
				Base,
			);
			mainGroup = 516AB88C28D1A35000263029;
			productRefGroup = 516AB89628D1A35000263029 /* Products */;
			projectDirPath = "";
			projectRoot = "";
			targets = (
				516AB89428D1A35000263029 /* BidMe */,
			);
		};
/* End PBXProject section */

/* Begin PBXResourcesBuildPhase section */
		516AB89328D1A35000263029 /* Resources */ = {
			isa = PBXResourcesBuildPhase;
			buildActionMask = 2147483647;
			files = (
				516AB8A528D1A35100263029 /* LaunchScreen.storyboard in Resources */,
				516AB8A228D1A35100263029 /* Assets.xcassets in Resources */,
				516AB8A028D1A35000263029 /* Main.storyboard in Resources */,
				5FD637DC28F384FF00B12BA6 /* ListingDetailsCell.xib in Resources */,
				5FB31F3428F4C1FD000F92AA /* ListingTableViewCell.xib in Resources */,
			);
			runOnlyForDeploymentPostprocessing = 0;
		};
/* End PBXResourcesBuildPhase section */

/* Begin PBXSourcesBuildPhase section */
		516AB89128D1A35000263029 /* Sources */ = {
			isa = PBXSourcesBuildPhase;
			buildActionMask = 2147483647;
			files = (
				5130FA6E28FA840F00E5D18B /* CreateBidConfirmationController.swift in Sources */,
				5F8FB9DF28EA2C2F008221CB /* ProfileViewController.swift in Sources */,
				516AB89928D1A35000263029 /* AppDelegate.swift in Sources */,
				5F8FB9E128EA2CF9008221CB /* CreateBidViewController.swift in Sources */,
				5F8FB9E528EA2DDD008221CB /* HistoryViewController.swift in Sources */,
				5FD637D228F25D5400B12BA6 /* ListingDetailsViewController.swift in Sources */,
				5FD637DB28F384FF00B12BA6 /* ListingDetailsCell.swift in Sources */,
				5FD637CD28F1317700B12BA6 /* ListingTableViewCell.swift in Sources */,
				516AB89B28D1A35000263029 /* SceneDelegate.swift in Sources */,
				5F8FB9E328EA2D7C008221CB /* ListingsViewController.swift in Sources */,
				515A89DC28EE975400116B35 /* ViewController.swift in Sources */,
				513525ED28EC14D9007DFFC7 /* MapViewController.swift in Sources */,
			);
			runOnlyForDeploymentPostprocessing = 0;
		};
/* End PBXSourcesBuildPhase section */

/* Begin PBXVariantGroup section */
		516AB89E28D1A35000263029 /* Main.storyboard */ = {
			isa = PBXVariantGroup;
			children = (
				516AB89F28D1A35000263029 /* Base */,
			);
			name = Main.storyboard;
			sourceTree = "<group>";
		};
		516AB8A328D1A35100263029 /* LaunchScreen.storyboard */ = {
			isa = PBXVariantGroup;
			children = (
				516AB8A428D1A35100263029 /* Base */,
			);
			name = LaunchScreen.storyboard;
			sourceTree = "<group>";
		};
/* End PBXVariantGroup section */

/* Begin XCBuildConfiguration section */
		516AB8A728D1A35100263029 /* Debug */ = {
			isa = XCBuildConfiguration;
			buildSettings = {
				ALWAYS_SEARCH_USER_PATHS = NO;
				CLANG_ANALYZER_NONNULL = YES;
				CLANG_ANALYZER_NUMBER_OBJECT_CONVERSION = YES_AGGRESSIVE;
				CLANG_CXX_LANGUAGE_STANDARD = "gnu++20";
				CLANG_ENABLE_MODULES = YES;
				CLANG_ENABLE_OBJC_ARC = YES;
				CLANG_ENABLE_OBJC_WEAK = YES;
				CLANG_WARN_BLOCK_CAPTURE_AUTORELEASING = YES;
				CLANG_WARN_BOOL_CONVERSION = YES;
				CLANG_WARN_COMMA = YES;
				CLANG_WARN_CONSTANT_CONVERSION = YES;
				CLANG_WARN_DEPRECATED_OBJC_IMPLEMENTATIONS = YES;
				CLANG_WARN_DIRECT_OBJC_ISA_USAGE = YES_ERROR;
				CLANG_WARN_DOCUMENTATION_COMMENTS = YES;
				CLANG_WARN_EMPTY_BODY = YES;
				CLANG_WARN_ENUM_CONVERSION = YES;
				CLANG_WARN_INFINITE_RECURSION = YES;
				CLANG_WARN_INT_CONVERSION = YES;
				CLANG_WARN_NON_LITERAL_NULL_CONVERSION = YES;
				CLANG_WARN_OBJC_IMPLICIT_RETAIN_SELF = YES;
				CLANG_WARN_OBJC_LITERAL_CONVERSION = YES;
				CLANG_WARN_OBJC_ROOT_CLASS = YES_ERROR;
				CLANG_WARN_QUOTED_INCLUDE_IN_FRAMEWORK_HEADER = YES;
				CLANG_WARN_RANGE_LOOP_ANALYSIS = YES;
				CLANG_WARN_STRICT_PROTOTYPES = YES;
				CLANG_WARN_SUSPICIOUS_MOVE = YES;
				CLANG_WARN_UNGUARDED_AVAILABILITY = YES_AGGRESSIVE;
				CLANG_WARN_UNREACHABLE_CODE = YES;
				CLANG_WARN__DUPLICATE_METHOD_MATCH = YES;
				COPY_PHASE_STRIP = NO;
				DEBUG_INFORMATION_FORMAT = dwarf;
				ENABLE_STRICT_OBJC_MSGSEND = YES;
				ENABLE_TESTABILITY = YES;
				GCC_C_LANGUAGE_STANDARD = gnu11;
				GCC_DYNAMIC_NO_PIC = NO;
				GCC_NO_COMMON_BLOCKS = YES;
				GCC_OPTIMIZATION_LEVEL = 0;
				GCC_PREPROCESSOR_DEFINITIONS = (
					"DEBUG=1",
					"$(inherited)",
				);
				GCC_WARN_64_TO_32_BIT_CONVERSION = YES;
				GCC_WARN_ABOUT_RETURN_TYPE = YES_ERROR;
				GCC_WARN_UNDECLARED_SELECTOR = YES;
				GCC_WARN_UNINITIALIZED_AUTOS = YES_AGGRESSIVE;
				GCC_WARN_UNUSED_FUNCTION = YES;
				GCC_WARN_UNUSED_VARIABLE = YES;
				IPHONEOS_DEPLOYMENT_TARGET = 16.0;
				MTL_ENABLE_DEBUG_INFO = INCLUDE_SOURCE;
				MTL_FAST_MATH = YES;
				ONLY_ACTIVE_ARCH = YES;
				SDKROOT = iphoneos;
				SWIFT_ACTIVE_COMPILATION_CONDITIONS = DEBUG;
				SWIFT_OPTIMIZATION_LEVEL = "-Onone";
			};
			name = Debug;
		};
		516AB8A828D1A35100263029 /* Release */ = {
			isa = XCBuildConfiguration;
			buildSettings = {
				ALWAYS_SEARCH_USER_PATHS = NO;
				CLANG_ANALYZER_NONNULL = YES;
				CLANG_ANALYZER_NUMBER_OBJECT_CONVERSION = YES_AGGRESSIVE;
				CLANG_CXX_LANGUAGE_STANDARD = "gnu++20";
				CLANG_ENABLE_MODULES = YES;
				CLANG_ENABLE_OBJC_ARC = YES;
				CLANG_ENABLE_OBJC_WEAK = YES;
				CLANG_WARN_BLOCK_CAPTURE_AUTORELEASING = YES;
				CLANG_WARN_BOOL_CONVERSION = YES;
				CLANG_WARN_COMMA = YES;
				CLANG_WARN_CONSTANT_CONVERSION = YES;
				CLANG_WARN_DEPRECATED_OBJC_IMPLEMENTATIONS = YES;
				CLANG_WARN_DIRECT_OBJC_ISA_USAGE = YES_ERROR;
				CLANG_WARN_DOCUMENTATION_COMMENTS = YES;
				CLANG_WARN_EMPTY_BODY = YES;
				CLANG_WARN_ENUM_CONVERSION = YES;
				CLANG_WARN_INFINITE_RECURSION = YES;
				CLANG_WARN_INT_CONVERSION = YES;
				CLANG_WARN_NON_LITERAL_NULL_CONVERSION = YES;
				CLANG_WARN_OBJC_IMPLICIT_RETAIN_SELF = YES;
				CLANG_WARN_OBJC_LITERAL_CONVERSION = YES;
				CLANG_WARN_OBJC_ROOT_CLASS = YES_ERROR;
				CLANG_WARN_QUOTED_INCLUDE_IN_FRAMEWORK_HEADER = YES;
				CLANG_WARN_RANGE_LOOP_ANALYSIS = YES;
				CLANG_WARN_STRICT_PROTOTYPES = YES;
				CLANG_WARN_SUSPICIOUS_MOVE = YES;
				CLANG_WARN_UNGUARDED_AVAILABILITY = YES_AGGRESSIVE;
				CLANG_WARN_UNREACHABLE_CODE = YES;
				CLANG_WARN__DUPLICATE_METHOD_MATCH = YES;
				COPY_PHASE_STRIP = NO;
				DEBUG_INFORMATION_FORMAT = "dwarf-with-dsym";
				ENABLE_NS_ASSERTIONS = NO;
				ENABLE_STRICT_OBJC_MSGSEND = YES;
				GCC_C_LANGUAGE_STANDARD = gnu11;
				GCC_NO_COMMON_BLOCKS = YES;
				GCC_WARN_64_TO_32_BIT_CONVERSION = YES;
				GCC_WARN_ABOUT_RETURN_TYPE = YES_ERROR;
				GCC_WARN_UNDECLARED_SELECTOR = YES;
				GCC_WARN_UNINITIALIZED_AUTOS = YES_AGGRESSIVE;
				GCC_WARN_UNUSED_FUNCTION = YES;
				GCC_WARN_UNUSED_VARIABLE = YES;
				IPHONEOS_DEPLOYMENT_TARGET = 16.0;
				MTL_ENABLE_DEBUG_INFO = NO;
				MTL_FAST_MATH = YES;
				SDKROOT = iphoneos;
				SWIFT_COMPILATION_MODE = wholemodule;
				SWIFT_OPTIMIZATION_LEVEL = "-O";
				VALIDATE_PRODUCT = YES;
			};
			name = Release;
		};
		516AB8AA28D1A35100263029 /* Debug */ = {
			isa = XCBuildConfiguration;
			buildSettings = {
				ASSETCATALOG_COMPILER_APPICON_NAME = AppIcon;
				ASSETCATALOG_COMPILER_GLOBAL_ACCENT_COLOR_NAME = AccentColor;
				CODE_SIGN_STYLE = Automatic;
				CURRENT_PROJECT_VERSION = 1;
				DEVELOPMENT_TEAM = FC8J7PEZ6Z;
				GENERATE_INFOPLIST_FILE = YES;
				INFOPLIST_FILE = BidMe/Info.plist;
				INFOPLIST_KEY_NSLocationWhenInUseUsageDescription = "Please allow to see current location.";
				INFOPLIST_KEY_UIApplicationSupportsIndirectInputEvents = YES;
				INFOPLIST_KEY_UILaunchStoryboardName = LaunchScreen;
				INFOPLIST_KEY_UIMainStoryboardFile = Main;
				INFOPLIST_KEY_UISupportedInterfaceOrientations_iPad = "UIInterfaceOrientationPortrait UIInterfaceOrientationPortraitUpsideDown UIInterfaceOrientationLandscapeLeft UIInterfaceOrientationLandscapeRight";
				INFOPLIST_KEY_UISupportedInterfaceOrientations_iPhone = "UIInterfaceOrientationPortrait UIInterfaceOrientationLandscapeLeft UIInterfaceOrientationLandscapeRight";
				IPHONEOS_DEPLOYMENT_TARGET = 16.0;
				LD_RUNPATH_SEARCH_PATHS = (
					"$(inherited)",
					"@executable_path/Frameworks",
				);
				MARKETING_VERSION = 1.0;
				PRODUCT_BUNDLE_IDENTIFIER = BidMeTeam;
				PRODUCT_NAME = "$(TARGET_NAME)";
				SUPPORTED_PLATFORMS = "iphoneos iphonesimulator";
				SUPPORTS_MACCATALYST = NO;
				SUPPORTS_MAC_DESIGNED_FOR_IPHONE_IPAD = YES;
				SWIFT_EMIT_LOC_STRINGS = YES;
				SWIFT_VERSION = 5.0;
				TARGETED_DEVICE_FAMILY = 1;
			};
			name = Debug;
		};
		516AB8AB28D1A35100263029 /* Release */ = {
			isa = XCBuildConfiguration;
			buildSettings = {
				ASSETCATALOG_COMPILER_APPICON_NAME = AppIcon;
				ASSETCATALOG_COMPILER_GLOBAL_ACCENT_COLOR_NAME = AccentColor;
				CODE_SIGN_STYLE = Automatic;
				CURRENT_PROJECT_VERSION = 1;
				DEVELOPMENT_TEAM = HZ83LRBKAG;
				GENERATE_INFOPLIST_FILE = YES;
				INFOPLIST_FILE = BidMe/Info.plist;
				INFOPLIST_KEY_NSLocationWhenInUseUsageDescription = "Please allow to see current location.";
				INFOPLIST_KEY_UIApplicationSupportsIndirectInputEvents = YES;
				INFOPLIST_KEY_UILaunchStoryboardName = LaunchScreen;
				INFOPLIST_KEY_UIMainStoryboardFile = Main;
				INFOPLIST_KEY_UISupportedInterfaceOrientations_iPad = "UIInterfaceOrientationPortrait UIInterfaceOrientationPortraitUpsideDown UIInterfaceOrientationLandscapeLeft UIInterfaceOrientationLandscapeRight";
				INFOPLIST_KEY_UISupportedInterfaceOrientations_iPhone = "UIInterfaceOrientationPortrait UIInterfaceOrientationLandscapeLeft UIInterfaceOrientationLandscapeRight";
				IPHONEOS_DEPLOYMENT_TARGET = 16.0;
				LD_RUNPATH_SEARCH_PATHS = (
					"$(inherited)",
					"@executable_path/Frameworks",
				);
				MARKETING_VERSION = 1.0;
				PRODUCT_BUNDLE_IDENTIFIER = BidMeTeam0001;
				PRODUCT_NAME = "$(TARGET_NAME)";
				SUPPORTED_PLATFORMS = "iphoneos iphonesimulator";
				SUPPORTS_MACCATALYST = NO;
				SUPPORTS_MAC_DESIGNED_FOR_IPHONE_IPAD = YES;
				SWIFT_EMIT_LOC_STRINGS = YES;
				SWIFT_VERSION = 5.0;
				TARGETED_DEVICE_FAMILY = 1;
			};
			name = Release;
		};
/* End XCBuildConfiguration section */

/* Begin XCConfigurationList section */
		516AB89028D1A35000263029 /* Build configuration list for PBXProject "BidMe" */ = {
			isa = XCConfigurationList;
			buildConfigurations = (
				516AB8A728D1A35100263029 /* Debug */,
				516AB8A828D1A35100263029 /* Release */,
			);
			defaultConfigurationIsVisible = 0;
			defaultConfigurationName = Release;
		};
		516AB8A928D1A35100263029 /* Build configuration list for PBXNativeTarget "BidMe" */ = {
			isa = XCConfigurationList;
			buildConfigurations = (
				516AB8AA28D1A35100263029 /* Debug */,
				516AB8AB28D1A35100263029 /* Release */,
			);
			defaultConfigurationIsVisible = 0;
			defaultConfigurationName = Release;
		};
/* End XCConfigurationList section */
	};
	rootObject = 516AB88D28D1A35000263029 /* Project object */;
}
